
Microsoft Visual Studio Solution File, Format Version 12.00
# Visual Studio Version 16
VisualStudioVersion = 16.0.32002.261
MinimumVisualStudioVersion = 10.0.40219.1
Project("{FAE04EC0-301F-11D3-BF4B-00C04F79EFBC}") = "SoftServeProject", "SoftServeProject\SoftServeProject.csproj", "{A1D5BCF2-77AC-4BA6-A6A0-458D1CECD57E}"
EndProject
Global
	GlobalSection(SolutionConfigurationPlatforms) = preSolution
		Debug|Any CPU = Debug|Any CPU
		Release|Any CPU = Release|Any CPU
	EndGlobalSection
	GlobalSection(ProjectConfigurationPlatforms) = postSolution
		{A1D5BCF2-77AC-4BA6-A6A0-458D1CECD57E}.Debug|Any CPU.ActiveCfg = Debug|Any CPU
		{A1D5BCF2-77AC-4BA6-A6A0-458D1CECD57E}.Debug|Any CPU.Build.0 = Debug|Any CPU
		{A1D5BCF2-77AC-4BA6-A6A0-458D1CECD57E}.Release|Any CPU.ActiveCfg = Release|Any CPU
		{A1D5BCF2-77AC-4BA6-A6A0-458D1CECD57E}.Release|Any CPU.Build.0 = Release|Any CPU
	EndGlobalSection
	GlobalSection(SolutionProperties) = preSolution
		HideSolutionNode = FALSE
	EndGlobalSection
	GlobalSection(ExtensibilityGlobals) = postSolution
		SolutionGuid = {E76C2D13-B16F-47C7-816B-79064D1D0521}
	EndGlobalSection
EndGlobal
